
Microsoft Visual Studio Solution File, Format Version 12.00
# Visual Studio 15
VisualStudioVersion = 15.0.27428.2043
MinimumVisualStudioVersion = 10.0.40219.1
Project("{FAE04EC0-301F-11D3-BF4B-00C04F79EFBC}") = "AttentionBot", "AttentionBot.csproj", "{D0B34DA9-5ABF-4BAE-AAEF-CE74971CAB0C}"
EndProject
Global
	GlobalSection(SolutionConfigurationPlatforms) = preSolution
		Debug|Any CPU = Debug|Any CPU
		Debug|x64 = Debug|x64
		Release|Any CPU = Release|Any CPU
		Release|x64 = Release|x64
	EndGlobalSection
	GlobalSection(ProjectConfigurationPlatforms) = postSolution
		{D0B34DA9-5ABF-4BAE-AAEF-CE74971CAB0C}.Debug|Any CPU.ActiveCfg = Debug|Any CPU
		{D0B34DA9-5ABF-4BAE-AAEF-CE74971CAB0C}.Debug|Any CPU.Build.0 = Debug|Any CPU
		{D0B34DA9-5ABF-4BAE-AAEF-CE74971CAB0C}.Debug|x64.ActiveCfg = Debug|x64
		{D0B34DA9-5ABF-4BAE-AAEF-CE74971CAB0C}.Debug|x64.Build.0 = Debug|x64
		{D0B34DA9-5ABF-4BAE-AAEF-CE74971CAB0C}.Release|Any CPU.ActiveCfg = Release|Any CPU
		{D0B34DA9-5ABF-4BAE-AAEF-CE74971CAB0C}.Release|Any CPU.Build.0 = Release|Any CPU
		{D0B34DA9-5ABF-4BAE-AAEF-CE74971CAB0C}.Release|x64.ActiveCfg = Release|x64
		{D0B34DA9-5ABF-4BAE-AAEF-CE74971CAB0C}.Release|x64.Build.0 = Release|x64
	EndGlobalSection
	GlobalSection(SolutionProperties) = preSolution
		HideSolutionNode = FALSE
	EndGlobalSection
	GlobalSection(ExtensibilityGlobals) = postSolution
		SolutionGuid = {AFFB8EE0-C2DC-43C5-B047-8D7FF9FE7F7C}
	EndGlobalSection
EndGlobal
